
Microsoft Visual Studio Solution File, Format Version 12.00
# Visual Studio 15
VisualStudioVersion = 15.0.28307.1082
MinimumVisualStudioVersion = 10.0.40219.1
Project("{FAE04EC0-301F-11D3-BF4B-00C04F79EFBC}") = "Question_03", "Question_03\Question_03.csproj", "{A6C1001D-739F-47B7-B0D8-84E4942E5402}"
EndProject
Global
	GlobalSection(SolutionConfigurationPlatforms) = preSolution
		Debug|Any CPU = Debug|Any CPU
		Release|Any CPU = Release|Any CPU
	EndGlobalSection
	GlobalSection(ProjectConfigurationPlatforms) = postSolution
		{A6C1001D-739F-47B7-B0D8-84E4942E5402}.Debug|Any CPU.ActiveCfg = Debug|Any CPU
		{A6C1001D-739F-47B7-B0D8-84E4942E5402}.Debug|Any CPU.Build.0 = Debug|Any CPU
		{A6C1001D-739F-47B7-B0D8-84E4942E5402}.Release|Any CPU.ActiveCfg = Release|Any CPU
		{A6C1001D-739F-47B7-B0D8-84E4942E5402}.Release|Any CPU.Build.0 = Release|Any CPU
	EndGlobalSection
	GlobalSection(SolutionProperties) = preSolution
		HideSolutionNode = FALSE
	EndGlobalSection
	GlobalSection(ExtensibilityGlobals) = postSolution
		SolutionGuid = {4B4B0066-7D8A-411E-A9C5-AEEED214D800}
	EndGlobalSection
EndGlobal
